
Microsoft Visual Studio Solution File, Format Version 12.00
# Visual Studio Version 17
VisualStudioVersion = 17.2.32602.215
MinimumVisualStudioVersion = 10.0.40219.1
Project("{FAE04EC0-301F-11D3-BF4B-00C04F79EFBC}") = "WpfApp1", "WpfApp1\WpfApp1.csproj", "{0E78CCD5-7C69-4900-BFA4-7A2CDD19AC71}"
EndProject
Global
	GlobalSection(SolutionConfigurationPlatforms) = preSolution
		Debug|Any CPU = Debug|Any CPU
		Release|Any CPU = Release|Any CPU
	EndGlobalSection
	GlobalSection(ProjectConfigurationPlatforms) = postSolution
		{0E78CCD5-7C69-4900-BFA4-7A2CDD19AC71}.Debug|Any CPU.ActiveCfg = Debug|Any CPU
		{0E78CCD5-7C69-4900-BFA4-7A2CDD19AC71}.Debug|Any CPU.Build.0 = Debug|Any CPU
		{0E78CCD5-7C69-4900-BFA4-7A2CDD19AC71}.Release|Any CPU.ActiveCfg = Release|Any CPU
		{0E78CCD5-7C69-4900-BFA4-7A2CDD19AC71}.Release|Any CPU.Build.0 = Release|Any CPU
	EndGlobalSection
	GlobalSection(SolutionProperties) = preSolution
		HideSolutionNode = FALSE
	EndGlobalSection
	GlobalSection(ExtensibilityGlobals) = postSolution
		SolutionGuid = {19C8EA21-F650-43A8-9B1E-8544A226650F}
	EndGlobalSection
EndGlobal
